
Microsoft Visual Studio Solution File, Format Version 12.00
# Visual Studio Version 17
VisualStudioVersion = 17.9.34728.123
MinimumVisualStudioVersion = 10.0.40219.1
Project("{FAE04EC0-301F-11D3-BF4B-00C04F79EFBC}") = "boatifyApi", "boatifyApi\boatifyApi.csproj", "{11A053B4-7FDD-435E-8217-399C6A425162}"
EndProject
Global
	GlobalSection(SolutionConfigurationPlatforms) = preSolution
		Debug|Any CPU = Debug|Any CPU
		Release|Any CPU = Release|Any CPU
	EndGlobalSection
	GlobalSection(ProjectConfigurationPlatforms) = postSolution
		{11A053B4-7FDD-435E-8217-399C6A425162}.Debug|Any CPU.ActiveCfg = Debug|Any CPU
		{11A053B4-7FDD-435E-8217-399C6A425162}.Debug|Any CPU.Build.0 = Debug|Any CPU
		{11A053B4-7FDD-435E-8217-399C6A425162}.Release|Any CPU.ActiveCfg = Release|Any CPU
		{11A053B4-7FDD-435E-8217-399C6A425162}.Release|Any CPU.Build.0 = Release|Any CPU
	EndGlobalSection
	GlobalSection(SolutionProperties) = preSolution
		HideSolutionNode = FALSE
	EndGlobalSection
	GlobalSection(ExtensibilityGlobals) = postSolution
		SolutionGuid = {BB7F4103-4BF0-4BF5-87D2-186348A2FADA}
	EndGlobalSection
EndGlobal
